
Microsoft Visual Studio Solution File, Format Version 12.00
# Visual Studio 15
VisualStudioVersion = 15.0.28010.2016
MinimumVisualStudioVersion = 10.0.40219.1
Project("{FAE04EC0-301F-11D3-BF4B-00C04F79EFBC}") = "MEFDemo", "MEFDemo\MEFDemo.csproj", "{F0B3620B-04D4-49F5-845B-088A8A35AEEB}"
EndProject
Project("{FAE04EC0-301F-11D3-BF4B-00C04F79EFBC}") = "EmailSender", "EmailSender\EmailSender.csproj", "{79686ADB-52D2-434D-AC9E-883D63079CE5}"
EndProject
Project("{FAE04EC0-301F-11D3-BF4B-00C04F79EFBC}") = "MEFCore", "MEFCore\MEFCore.csproj", "{83F60D1D-2ECC-42AF-BD32-D982C58B5B89}"
EndProject
Global
	GlobalSection(SolutionConfigurationPlatforms) = preSolution
		Debug|Any CPU = Debug|Any CPU
		Release|Any CPU = Release|Any CPU
	EndGlobalSection
	GlobalSection(ProjectConfigurationPlatforms) = postSolution
		{F0B3620B-04D4-49F5-845B-088A8A35AEEB}.Debug|Any CPU.ActiveCfg = Debug|Any CPU
		{F0B3620B-04D4-49F5-845B-088A8A35AEEB}.Debug|Any CPU.Build.0 = Debug|Any CPU
		{F0B3620B-04D4-49F5-845B-088A8A35AEEB}.Release|Any CPU.ActiveCfg = Release|Any CPU
		{F0B3620B-04D4-49F5-845B-088A8A35AEEB}.Release|Any CPU.Build.0 = Release|Any CPU
		{79686ADB-52D2-434D-AC9E-883D63079CE5}.Debug|Any CPU.ActiveCfg = Debug|Any CPU
		{79686ADB-52D2-434D-AC9E-883D63079CE5}.Debug|Any CPU.Build.0 = Debug|Any CPU
		{79686ADB-52D2-434D-AC9E-883D63079CE5}.Release|Any CPU.ActiveCfg = Release|Any CPU
		{79686ADB-52D2-434D-AC9E-883D63079CE5}.Release|Any CPU.Build.0 = Release|Any CPU
		{83F60D1D-2ECC-42AF-BD32-D982C58B5B89}.Debug|Any CPU.ActiveCfg = Debug|Any CPU
		{83F60D1D-2ECC-42AF-BD32-D982C58B5B89}.Debug|Any CPU.Build.0 = Debug|Any CPU
		{83F60D1D-2ECC-42AF-BD32-D982C58B5B89}.Release|Any CPU.ActiveCfg = Release|Any CPU
		{83F60D1D-2ECC-42AF-BD32-D982C58B5B89}.Release|Any CPU.Build.0 = Release|Any CPU
	EndGlobalSection
	GlobalSection(SolutionProperties) = preSolution
		HideSolutionNode = FALSE
	EndGlobalSection
	GlobalSection(ExtensibilityGlobals) = postSolution
		SolutionGuid = {BC64BF7C-544A-4317-A141-7AA8A8E7DA70}
	EndGlobalSection
EndGlobal
